
Microsoft Visual Studio Solution File, Format Version 12.00
# Visual Studio Version 17
VisualStudioVersion = 17.14.36203.30
MinimumVisualStudioVersion = 10.0.40219.1
Project("{FAE04EC0-301F-11D3-BF4B-00C04F79EFBC}") = "NSwagParser", "ConsoleApp1\NSwagParser.csproj", "{2B77FA08-501E-44B7-82CF-1E0003B05371}"
EndProject
Global
	GlobalSection(SolutionConfigurationPlatforms) = preSolution
		Debug|Any CPU = Debug|Any CPU
		Release|Any CPU = Release|Any CPU
	EndGlobalSection
	GlobalSection(ProjectConfigurationPlatforms) = postSolution
		{2B77FA08-501E-44B7-82CF-1E0003B05371}.Debug|Any CPU.ActiveCfg = Debug|Any CPU
		{2B77FA08-501E-44B7-82CF-1E0003B05371}.Debug|Any CPU.Build.0 = Debug|Any CPU
		{2B77FA08-501E-44B7-82CF-1E0003B05371}.Release|Any CPU.ActiveCfg = Release|Any CPU
		{2B77FA08-501E-44B7-82CF-1E0003B05371}.Release|Any CPU.Build.0 = Release|Any CPU
	EndGlobalSection
	GlobalSection(SolutionProperties) = preSolution
		HideSolutionNode = FALSE
	EndGlobalSection
	GlobalSection(ExtensibilityGlobals) = postSolution
		SolutionGuid = {C88F04A4-418C-44F2-8B02-80D4FE826C99}
	EndGlobalSection
EndGlobal
